# @generated - this file is auto-generated by `mise lock` https://mise.en.dev/dev-tools/mise-lock.html

[[tools.aube]]
version = "2.2.9"
backend = "github:endevco/aube"

[tools.aube."platforms.linux-arm64"]
checksum = "sha256:4fa6d439992097a91fc96a481c67c0cfbf9ecd8d43a36c70ca4ae65c09d8e8f9"
url = "https://github.com/aubepkg/aube/releases/download/v2.2.9/aube-v2.2.9-aarch64-unknown-linux-gnu.tar.gz"
url_api = "https://api.github.com/repos/aubepkg/aube/releases/assets/543704857"
provenance = "github-attestations"

[tools.aube."platforms.linux-arm64-musl"]
checksum = "sha256:619156760f3727d39ad2157a6efcab28f16124ff769264c4ae1ba14d6c948d6f"
url = "https://github.com/aubepkg/aube/releases/download/v2.2.9/aube-v2.2.9-aarch64-unknown-linux-musl.tar.gz"
url_api = "https://api.github.com/repos/aubepkg/aube/releases/assets/543696849"
provenance = "github-attestations"

[tools.aube."platforms.linux-x64"]
checksum = "sha256:02dd762b6f1e0ed99e8be2d94f577d9050856319a58f02f6c64740199294f1e8"
url = "https://github.com/aubepkg/aube/releases/download/v2.2.9/aube-v2.2.9-x86_64-unknown-linux-gnu.tar.gz"
url_api = "https://api.github.com/repos/aubepkg/aube/releases/assets/543692591"
provenance = "github-attestations"

[tools.aube."platforms.linux-x64-baseline"]
checksum = "sha256:02dd762b6f1e0ed99e8be2d94f577d9050856319a58f02f6c64740199294f1e8"
url = "https://github.com/aubepkg/aube/releases/download/v2.2.9/aube-v2.2.9-x86_64-unknown-linux-gnu.tar.gz"
url_api = "https://api.github.com/repos/aubepkg/aube/releases/assets/543692591"
provenance = "github-attestations"

[tools.aube."platforms.linux-x64-musl"]
checksum = "sha256:2a241ea622a9b86f2da02e3396a138c43e32d59dbf51f2b5b61d4d37ab9fe667"
url = "https://github.com/aubepkg/aube/releases/download/v2.2.9/aube-v2.2.9-x86_64-unknown-linux-musl.tar.gz"
url_api = "https://api.github.com/repos/aubepkg/aube/releases/assets/543692371"
provenance = "github-attestations"

[tools.aube."platforms.linux-x64-musl-baseline"]
checksum = "sha256:2a241ea622a9b86f2da02e3396a138c43e32d59dbf51f2b5b61d4d37ab9fe667"
url = "https://github.com/aubepkg/aube/releases/download/v2.2.9/aube-v2.2.9-x86_64-unknown-linux-musl.tar.gz"
url_api = "https://api.github.com/repos/aubepkg/aube/releases/assets/543692371"
provenance = "github-attestations"

[tools.aube."platforms.macos-arm64"]
checksum = "sha256:b94c1e5a1b6a8049f785e99c8c03b1f922c25ce3efa8ec31c0c8ff84237eb3e4"
url = "https://github.com/aubepkg/aube/releases/download/v2.2.9/aube-v2.2.9-aarch64-apple-darwin.tar.gz"
url_api = "https://api.github.com/repos/aubepkg/aube/releases/assets/543705939"
provenance = "github-attestations"
provenance_verified = true

[tools.aube."platforms.macos-x64"]
checksum = "sha256:49b3029dfb8105d939f52286b701dcccf4356e46981630aa5766e63eb9dd5935"
url = "https://github.com/aubepkg/aube/releases/download/v2.2.9/libaube-x86_64-apple-darwin.dylib"
url_api = "https://api.github.com/repos/aubepkg/aube/releases/assets/543704110"
provenance = "github-attestations"

[tools.aube."platforms.macos-x64-baseline"]
checksum = "sha256:49b3029dfb8105d939f52286b701dcccf4356e46981630aa5766e63eb9dd5935"
url = "https://github.com/aubepkg/aube/releases/download/v2.2.9/libaube-x86_64-apple-darwin.dylib"
url_api = "https://api.github.com/repos/aubepkg/aube/releases/assets/543704110"
provenance = "github-attestations"

[tools.aube."platforms.windows-x64"]
checksum = "sha256:5961d57c3f1b0571c203c817e497a64bc1d6a67d765733895994825edeeeb1c5"
url = "https://github.com/aubepkg/aube/releases/download/v2.2.9/aube-v2.2.9-x86_64-pc-windows-msvc.zip"
url_api = "https://api.github.com/repos/aubepkg/aube/releases/assets/543704068"
provenance = "github-attestations"

[tools.aube."platforms.windows-x64-baseline"]
checksum = "sha256:5961d57c3f1b0571c203c817e497a64bc1d6a67d765733895994825edeeeb1c5"
url = "https://github.com/aubepkg/aube/releases/download/v2.2.9/aube-v2.2.9-x86_64-pc-windows-msvc.zip"
url_api = "https://api.github.com/repos/aubepkg/aube/releases/assets/543704068"
provenance = "github-attestations"

[[tools.bun]]
version = "1.4.0"
backend = "core:bun"

[tools.bun."platforms.linux-arm64"]
checksum = "sha256:4b1a332ee861983eb93bcfe6f770fff94e3e31b2c388bdaea3c8ed35e58eed0e"
url = "https://github.com/oven-sh/bun/releases/download/bun-v1.4.0/bun-linux-aarch64.zip"

[tools.bun."platforms.linux-arm64-musl"]
checksum = "sha256:576300ce33ff16ffcd455bf178c2f095f9df845c6cc3d0284ba1c96ca0e80473"
url = "https://github.com/oven-sh/bun/releases/download/bun-v1.4.0/bun-linux-aarch64-musl.zip"

[tools.bun."platforms.linux-x64"]
checksum = "sha256:2d03fb5fb83ac8b567aca0a281b2ce1a1a19d488f56c2968d88c3f25e92fe452"
url = "https://github.com/oven-sh/bun/releases/download/bun-v1.4.0/bun-linux-x64.zip"

[tools.bun."platforms.linux-x64-baseline"]
checksum = "sha256:184fb4595f0d401a217cf7c78c1bc430ba83314dab7a8b94805babbf7fa7097f"
url = "https://github.com/oven-sh/bun/releases/download/bun-v1.4.0/bun-linux-x64-baseline.zip"

[tools.bun."platforms.linux-x64-musl"]
checksum = "sha256:83b5f12fd258dd8d4fdcaea65ede954366aa717dab399e20093ecab280d54e7a"
url = "https://github.com/oven-sh/bun/releases/download/bun-v1.4.0/bun-linux-x64-musl.zip"

[tools.bun."platforms.linux-x64-musl-baseline"]
checksum = "sha256:618c4bc1f94b02337ee210003c0b7c066f11548a8cdc5109df10db043dc47ca2"
url = "https://github.com/oven-sh/bun/releases/download/bun-v1.4.0/bun-linux-x64-musl-baseline.zip"

[tools.bun."platforms.macos-arm64"]
checksum = "sha256:c669e97f6164e1c96e0701748db98dfa77492908cbd8394c7557134a735de381"
url = "https://github.com/oven-sh/bun/releases/download/bun-v1.4.0/bun-darwin-aarch64.zip"

[tools.bun."platforms.macos-x64"]
checksum = "sha256:1d0211b8f1dc991182344687ad15e72ee86f154845a5f7fa477994cd341dd9b0"
url = "https://github.com/oven-sh/bun/releases/download/bun-v1.4.0/bun-darwin-x64.zip"

[tools.bun."platforms.macos-x64-baseline"]
checksum = "sha256:da9b9f1b4ba766c6f299711f38dfaa98623e1ed9c40896aa53db803c52ec1fa0"
url = "https://github.com/oven-sh/bun/releases/download/bun-v1.4.0/bun-darwin-x64-baseline.zip"

[tools.bun."platforms.windows-x64"]
checksum = "sha256:e6f093d39da486b20262ca8cdd5ed6a9e8bc9c2f275b78e6d3a0c5b28cc95901"
url = "https://github.com/oven-sh/bun/releases/download/bun-v1.4.0/bun-windows-x64.zip"

[tools.bun."platforms.windows-x64-baseline"]
checksum = "sha256:b929c54a9badb104a16dedd23aab6152c86793ae653d4e6b13983ffd0c882a66"
url = "https://github.com/oven-sh/bun/releases/download/bun-v1.4.0/bun-windows-x64-baseline.zip"

[[tools.hk]]
version = "1.57.0"
backend = "aqua:jdx/hk"

[tools.hk."platforms.linux-arm64"]
checksum = "sha256:af6768ba1e3041a988b6518bf8b6e8900dc6a2001208b3f548545fe7de4e6f22"
url = "https://github.com/jdx/hk/releases/download/v1.57.0/hk-aarch64-unknown-linux-gnu.tar.gz"
url_api = "https://api.github.com/repos/jdx/hk/releases/assets/536864258"

[tools.hk."platforms.linux-arm64-musl"]
checksum = "sha256:969feeff543c2bd30281fdce43139fd0913cbf44385387b94b9411a72775c960"
url = "https://github.com/jdx/hk/releases/download/v1.57.0/hk-aarch64-unknown-linux-musl.tar.gz"
url_api = "https://api.github.com/repos/jdx/hk/releases/assets/536864262"

[tools.hk."platforms.linux-x64"]
checksum = "sha256:71449da0187a957233e1cf08565ed3c85fe67cd8d5942a15bc231579e1c7e380"
url = "https://github.com/jdx/hk/releases/download/v1.57.0/hk-x86_64-unknown-linux-gnu.tar.gz"
url_api = "https://api.github.com/repos/jdx/hk/releases/assets/536864279"

[tools.hk."platforms.linux-x64-baseline"]
checksum = "sha256:71449da0187a957233e1cf08565ed3c85fe67cd8d5942a15bc231579e1c7e380"
url = "https://github.com/jdx/hk/releases/download/v1.57.0/hk-x86_64-unknown-linux-gnu.tar.gz"
url_api = "https://api.github.com/repos/jdx/hk/releases/assets/536864279"

[tools.hk."platforms.linux-x64-musl"]
checksum = "sha256:e67b730e82e04e3e9b513f9063573a3fc29377ef3b61aa04cce7c9b9f4782b1e"
url = "https://github.com/jdx/hk/releases/download/v1.57.0/hk-x86_64-unknown-linux-musl.tar.gz"
url_api = "https://api.github.com/repos/jdx/hk/releases/assets/536864280"

[tools.hk."platforms.linux-x64-musl-baseline"]
checksum = "sha256:e67b730e82e04e3e9b513f9063573a3fc29377ef3b61aa04cce7c9b9f4782b1e"
url = "https://github.com/jdx/hk/releases/download/v1.57.0/hk-x86_64-unknown-linux-musl.tar.gz"
url_api = "https://api.github.com/repos/jdx/hk/releases/assets/536864280"

[tools.hk."platforms.macos-arm64"]
checksum = "sha256:7b10c00e1f1b51d3e43cd5e738cc5fd93bf3ec0b777505744ac37c8b1e171188"
url = "https://github.com/jdx/hk/releases/download/v1.57.0/hk-aarch64-apple-darwin.tar.gz"
url_api = "https://api.github.com/repos/jdx/hk/releases/assets/536864261"

[tools.hk."platforms.windows-x64"]
checksum = "sha256:b5c4de9ec9e83790642564370c572b559f2b4ea38147ee8ea1f5b415967dab3f"
url = "https://github.com/jdx/hk/releases/download/v1.57.0/hk-x86_64-pc-windows-msvc.zip"
url_api = "https://api.github.com/repos/jdx/hk/releases/assets/536864259"

[tools.hk."platforms.windows-x64-baseline"]
checksum = "sha256:b5c4de9ec9e83790642564370c572b559f2b4ea38147ee8ea1f5b415967dab3f"
url = "https://github.com/jdx/hk/releases/download/v1.57.0/hk-x86_64-pc-windows-msvc.zip"
url_api = "https://api.github.com/repos/jdx/hk/releases/assets/536864259"

[[tools.node]]
version = "24.14.1"
backend = "core:node"

[tools.node."platforms.linux-arm64"]
checksum = "sha256:734ff04fa7f8ed2e8a78d40cacf5ac3fc4515dac2858757cbab313eb483ba8a2"
url = "https://nodejs.org/dist/v24.14.1/node-v24.14.1-linux-arm64.tar.gz"

[tools.node."platforms.linux-arm64-musl"]
checksum = "sha256:e3ada28bcce0f440d8692372004a3338e96ff0b5cf8399bb38ae30a8adecdf08"
url = "https://unofficial-builds.nodejs.org/download/release/v24.14.1/node-v24.14.1-linux-arm64-musl.tar.gz"

[tools.node."platforms.linux-x64"]
checksum = "sha256:ace9fa104992ed0829642629c46ca7bd7fd6e76278cb96c958c4b387d29658ea"
url = "https://nodejs.org/dist/v24.14.1/node-v24.14.1-linux-x64.tar.gz"

[tools.node."platforms.linux-x64-baseline"]
checksum = "sha256:ace9fa104992ed0829642629c46ca7bd7fd6e76278cb96c958c4b387d29658ea"
url = "https://nodejs.org/dist/v24.14.1/node-v24.14.1-linux-x64.tar.gz"

[tools.node."platforms.linux-x64-musl"]
checksum = "sha256:4cdc6bf5891d1f51903c663b2f7f6a636c24dd5940a62a1785ea3d911284b008"
url = "https://unofficial-builds.nodejs.org/download/release/v24.14.1/node-v24.14.1-linux-x64-musl.tar.gz"

[tools.node."platforms.linux-x64-musl-baseline"]
checksum = "sha256:4cdc6bf5891d1f51903c663b2f7f6a636c24dd5940a62a1785ea3d911284b008"
url = "https://unofficial-builds.nodejs.org/download/release/v24.14.1/node-v24.14.1-linux-x64-musl.tar.gz"

[tools.node."platforms.macos-arm64"]
checksum = "sha256:25495ff85bd89e2d8a24d88566d7e2f827c6b0d3d872b2cebf75371f93fcb1fe"
url = "https://nodejs.org/dist/v24.14.1/node-v24.14.1-darwin-arm64.tar.gz"

[tools.node."platforms.macos-x64"]
checksum = "sha256:2526230ad7d922be82d4fdb1e7ee1e84303e133e3b4b0ec4c2897ab31de0253d"
url = "https://nodejs.org/dist/v24.14.1/node-v24.14.1-darwin-x64.tar.gz"

[tools.node."platforms.macos-x64-baseline"]
checksum = "sha256:2526230ad7d922be82d4fdb1e7ee1e84303e133e3b4b0ec4c2897ab31de0253d"
url = "https://nodejs.org/dist/v24.14.1/node-v24.14.1-darwin-x64.tar.gz"

[tools.node."platforms.windows-x64"]
checksum = "sha256:6e50ce5498c0cebc20fd39ab3ff5df836ed2f8a31aa093cecad8497cff126d70"
url = "https://nodejs.org/dist/v24.14.1/node-v24.14.1-win-x64.zip"

[tools.node."platforms.windows-x64-baseline"]
checksum = "sha256:6e50ce5498c0cebc20fd39ab3ff5df836ed2f8a31aa093cecad8497cff126d70"
url = "https://nodejs.org/dist/v24.14.1/node-v24.14.1-win-x64.zip"

[[tools.pkl]]
version = "0.29.1"
backend = "aqua:apple/pkl"

[tools.pkl."platforms.linux-arm64"]
checksum = "sha256:e70ab2124748c3c10ffc789ee2961a43d7e5d5cb070cdaba88cf33b7ab1fd9bc"
url = "https://github.com/apple/pkl/releases/download/0.29.1/pkl-linux-aarch64"
url_api = "https://api.github.com/repos/apple/pkl/releases/assets/286891412"

[tools.pkl."platforms.linux-arm64-musl"]
checksum = "sha256:e70ab2124748c3c10ffc789ee2961a43d7e5d5cb070cdaba88cf33b7ab1fd9bc"
url = "https://github.com/apple/pkl/releases/download/0.29.1/pkl-linux-aarch64"
url_api = "https://api.github.com/repos/apple/pkl/releases/assets/286891412"

[tools.pkl."platforms.linux-x64"]
checksum = "sha256:0925a87b00f19d40c4cf8a3eadb0b2af3138f2a8c15071966d51f5c737b42804"
url = "https://github.com/apple/pkl/releases/download/0.29.1/pkl-linux-amd64"
url_api = "https://api.github.com/repos/apple/pkl/releases/assets/286891411"

[tools.pkl."platforms.linux-x64-baseline"]
checksum = "sha256:0925a87b00f19d40c4cf8a3eadb0b2af3138f2a8c15071966d51f5c737b42804"
url = "https://github.com/apple/pkl/releases/download/0.29.1/pkl-linux-amd64"
url_api = "https://api.github.com/repos/apple/pkl/releases/assets/286891411"

[tools.pkl."platforms.linux-x64-musl"]
checksum = "sha256:0925a87b00f19d40c4cf8a3eadb0b2af3138f2a8c15071966d51f5c737b42804"
url = "https://github.com/apple/pkl/releases/download/0.29.1/pkl-linux-amd64"
url_api = "https://api.github.com/repos/apple/pkl/releases/assets/286891411"

[tools.pkl."platforms.linux-x64-musl-baseline"]
checksum = "sha256:0925a87b00f19d40c4cf8a3eadb0b2af3138f2a8c15071966d51f5c737b42804"
url = "https://github.com/apple/pkl/releases/download/0.29.1/pkl-linux-amd64"
url_api = "https://api.github.com/repos/apple/pkl/releases/assets/286891411"

[tools.pkl."platforms.macos-arm64"]
checksum = "sha256:75ca92e3eee7746e22b0f8a55bf1ee5c3ea0a78eec14586cd5618a9195707d5c"
url = "https://github.com/apple/pkl/releases/download/0.29.1/pkl-macos-aarch64"
url_api = "https://api.github.com/repos/apple/pkl/releases/assets/286891409"

[tools.pkl."platforms.macos-x64"]
checksum = "sha256:8561a2c9d0e01bf15d54905ad8bacdb1e40bb6e241f6e158d10dc9bc69547c09"
url = "https://github.com/apple/pkl/releases/download/0.29.1/pkl-macos-amd64"
url_api = "https://api.github.com/repos/apple/pkl/releases/assets/286891408"

[tools.pkl."platforms.macos-x64-baseline"]
checksum = "sha256:8561a2c9d0e01bf15d54905ad8bacdb1e40bb6e241f6e158d10dc9bc69547c09"
url = "https://github.com/apple/pkl/releases/download/0.29.1/pkl-macos-amd64"
url_api = "https://api.github.com/repos/apple/pkl/releases/assets/286891408"

[tools.pkl."platforms.windows-x64"]
checksum = "sha256:5388dddb8f9832233707cc48e77343ae65a7684bca19d94454d096cc66bb3e70"
url = "https://github.com/apple/pkl/releases/download/0.29.1/pkl-windows-amd64.exe"
url_api = "https://api.github.com/repos/apple/pkl/releases/assets/286891426"

[tools.pkl."platforms.windows-x64-baseline"]
checksum = "sha256:5388dddb8f9832233707cc48e77343ae65a7684bca19d94454d096cc66bb3e70"
url = "https://github.com/apple/pkl/releases/download/0.29.1/pkl-windows-amd64.exe"
url_api = "https://api.github.com/repos/apple/pkl/releases/assets/286891426"
