# @generated - this file is auto-generated by `mise lock` https://mise.en.dev/dev-tools/mise-lock.html

[[tools.aube]]
version = "1.34.0"
backend = "github:endevco/aube"

[tools.aube."platforms.linux-arm64"]
checksum = "sha256:44f38fe924e5bb91818d855a4eabcbcbfbce8b0c2d57b39d5bff28a7ec4ee131"
url = "https://github.com/jdx/aube/releases/download/v1.34.0/aube-v1.34.0-aarch64-unknown-linux-gnu.tar.gz"
url_api = "https://api.github.com/repos/jdx/aube/releases/assets/490930531"
provenance = "github-attestations"

[tools.aube."platforms.linux-arm64-musl"]
checksum = "sha256:91e0ac79bf80951105ccc22362d4a9009cc320321f8f0a15651b7e35dd129ae9"
url = "https://github.com/jdx/aube/releases/download/v1.34.0/aube-v1.34.0-aarch64-unknown-linux-musl.tar.gz"
url_api = "https://api.github.com/repos/jdx/aube/releases/assets/490905709"
provenance = "github-attestations"

[tools.aube."platforms.linux-x64"]
checksum = "sha256:59298a3046087e0e865f07e87170dbe71ff19be7bfd15ecec1a18635b8ac59d0"
url = "https://github.com/jdx/aube/releases/download/v1.34.0/aube-v1.34.0-x86_64-unknown-linux-gnu.tar.gz"
url_api = "https://api.github.com/repos/jdx/aube/releases/assets/490914739"
provenance = "github-attestations"

[tools.aube."platforms.linux-x64-baseline"]
checksum = "sha256:59298a3046087e0e865f07e87170dbe71ff19be7bfd15ecec1a18635b8ac59d0"
url = "https://github.com/jdx/aube/releases/download/v1.34.0/aube-v1.34.0-x86_64-unknown-linux-gnu.tar.gz"
url_api = "https://api.github.com/repos/jdx/aube/releases/assets/490914739"
provenance = "github-attestations"

[tools.aube."platforms.linux-x64-musl"]
checksum = "sha256:7a2f75931243a8c9de189de62b18521c2e887e686f558a5c3564b948d1c058a9"
url = "https://github.com/jdx/aube/releases/download/v1.34.0/aube-v1.34.0-x86_64-unknown-linux-musl.tar.gz"
url_api = "https://api.github.com/repos/jdx/aube/releases/assets/490912936"
provenance = "github-attestations"

[tools.aube."platforms.linux-x64-musl-baseline"]
checksum = "sha256:7a2f75931243a8c9de189de62b18521c2e887e686f558a5c3564b948d1c058a9"
url = "https://github.com/jdx/aube/releases/download/v1.34.0/aube-v1.34.0-x86_64-unknown-linux-musl.tar.gz"
url_api = "https://api.github.com/repos/jdx/aube/releases/assets/490912936"
provenance = "github-attestations"

[tools.aube."platforms.macos-arm64"]
checksum = "sha256:dc586837830d9cd07368f72c332cfeba1c670d4918c2aac2d2b856191aba8b2c"
url = "https://github.com/jdx/aube/releases/download/v1.34.0/aube-v1.34.0-aarch64-apple-darwin.tar.gz"
url_api = "https://api.github.com/repos/jdx/aube/releases/assets/490949647"
provenance = "github-attestations"

[tools.aube."platforms.macos-x64"]
checksum = "sha256:61f0a01f233d335b9d38023ab932864637c81bb9c7d70056e83b44c82041a2ee"
url = "https://github.com/jdx/aube/releases/download/v1.34.0/libaube-x86_64-apple-darwin.dylib"
url_api = "https://api.github.com/repos/jdx/aube/releases/assets/490917084"
provenance = "github-attestations"

[tools.aube."platforms.macos-x64-baseline"]
checksum = "sha256:61f0a01f233d335b9d38023ab932864637c81bb9c7d70056e83b44c82041a2ee"
url = "https://github.com/jdx/aube/releases/download/v1.34.0/libaube-x86_64-apple-darwin.dylib"
url_api = "https://api.github.com/repos/jdx/aube/releases/assets/490917084"
provenance = "github-attestations"

[tools.aube."platforms.windows-x64"]
checksum = "sha256:0b4e0b8bcbe58d90e42e51e1767522590f68adc3c823ee3af898314c8364ab4f"
url = "https://github.com/jdx/aube/releases/download/v1.34.0/aube-v1.34.0-x86_64-pc-windows-msvc.zip"
url_api = "https://api.github.com/repos/jdx/aube/releases/assets/490918647"
provenance = "github-attestations"

[tools.aube."platforms.windows-x64-baseline"]
checksum = "sha256:0b4e0b8bcbe58d90e42e51e1767522590f68adc3c823ee3af898314c8364ab4f"
url = "https://github.com/jdx/aube/releases/download/v1.34.0/aube-v1.34.0-x86_64-pc-windows-msvc.zip"
url_api = "https://api.github.com/repos/jdx/aube/releases/assets/490918647"
provenance = "github-attestations"

[[tools.bun]]
version = "1.3.5"
backend = "core:bun"

[tools.bun."platforms.linux-arm64"]
checksum = "sha256:ed01000f85bd97785228ad2845dc92a1860b8054856826d7317690ac8f8ee74b"
url = "https://github.com/oven-sh/bun/releases/download/bun-v1.3.5/bun-linux-aarch64.zip"

[tools.bun."platforms.linux-arm64-musl"]
checksum = "sha256:980b567beeca875b79776d60a35b178309583df3f0973b3bae62f7244dc486ad"
url = "https://github.com/oven-sh/bun/releases/download/bun-v1.3.5/bun-linux-aarch64-musl.zip"

[tools.bun."platforms.linux-x64"]
checksum = "sha256:7051d86a924aefea3e0b96213b5fd8f79c0793f9cae6534233e627e5c3db4669"
url = "https://github.com/oven-sh/bun/releases/download/bun-v1.3.5/bun-linux-x64.zip"

[tools.bun."platforms.linux-x64-baseline"]
checksum = "sha256:6bddacd6a65855698b9816f2d74871eda4dd0b7fa921140c6445248f94a742fd"
url = "https://github.com/oven-sh/bun/releases/download/bun-v1.3.5/bun-linux-x64-baseline.zip"

[tools.bun."platforms.linux-x64-musl"]
checksum = "sha256:720d88e0e5f40450a1da91c0226f626b156eaa224876d794fa95f6ebf74f46b6"
url = "https://github.com/oven-sh/bun/releases/download/bun-v1.3.5/bun-linux-x64-musl.zip"

[tools.bun."platforms.linux-x64-musl-baseline"]
checksum = "sha256:57997319f8b9f72ce137363c3dfcd8d401327925108bb30dc5c3257452fba524"
url = "https://github.com/oven-sh/bun/releases/download/bun-v1.3.5/bun-linux-x64-musl-baseline.zip"

[tools.bun."platforms.macos-arm64"]
checksum = "sha256:db17588a4aea8804856825d4bead3f05e1f37276ca606f37e369b4f72f35d3fb"
url = "https://github.com/oven-sh/bun/releases/download/bun-v1.3.5/bun-darwin-aarch64.zip"

[tools.bun."platforms.macos-x64"]
checksum = "sha256:f5ffc03030fe527a86295fb5852bb08c5e99b707560011d1d509ab028902bf29"
url = "https://github.com/oven-sh/bun/releases/download/bun-v1.3.5/bun-darwin-x64.zip"

[tools.bun."platforms.macos-x64-baseline"]
checksum = "sha256:34b9a56b851058dafa1bc9d61233f2c383aa996889bba30b3180f5ccc2cff1b2"
url = "https://github.com/oven-sh/bun/releases/download/bun-v1.3.5/bun-darwin-x64-baseline.zip"

[tools.bun."platforms.windows-x64"]
checksum = "sha256:922cffdd5143cd118c6ccec6a61dfcf5d69e0068b048ea00f0a0615016530082"
url = "https://github.com/oven-sh/bun/releases/download/bun-v1.3.5/bun-windows-x64.zip"

[tools.bun."platforms.windows-x64-baseline"]
checksum = "sha256:bf447dcc3b06aba9b9706a9db46fcd65e06a4d47d31439922313825d06eb47ca"
url = "https://github.com/oven-sh/bun/releases/download/bun-v1.3.5/bun-windows-x64-baseline.zip"

[[tools.hk]]
version = "1.18.1"
backend = "aqua:jdx/hk"

[tools.hk."platforms.linux-arm64"]
checksum = "sha256:4660ca5d91fa7ce2bf65ec0986095c44d515555e4b89dc832ad76758073e3f42"
url = "https://github.com/jdx/hk/releases/download/v1.18.1/hk-aarch64-unknown-linux-gnu.tar.gz"

[tools.hk."platforms.linux-x64"]
checksum = "sha256:3a9feb5a63dbbce6cb6d48caaff6e235b2c4409a710bbfe6d659d1e7d3000295"
url = "https://github.com/jdx/hk/releases/download/v1.18.1/hk-x86_64-unknown-linux-gnu.tar.gz"

[tools.hk."platforms.linux-x64-baseline"]
checksum = "sha256:3a9feb5a63dbbce6cb6d48caaff6e235b2c4409a710bbfe6d659d1e7d3000295"
url = "https://github.com/jdx/hk/releases/download/v1.18.1/hk-x86_64-unknown-linux-gnu.tar.gz"

[tools.hk."platforms.macos-arm64"]
checksum = "sha256:03c5158e1da9b603c939df07a01978b651e380c934c5a36a715f97471e7d4388"
url = "https://github.com/jdx/hk/releases/download/v1.18.1/hk-aarch64-apple-darwin.tar.gz"

[tools.hk."platforms.windows-x64"]
checksum = "sha256:b6f0e90c0865fa9f4ca4e862d51c37b61392fab17949b9741a28a8b45df1b3cb"
url = "https://github.com/jdx/hk/releases/download/v1.18.1/hk-x86_64-pc-windows-msvc.zip"

[tools.hk."platforms.windows-x64-baseline"]
checksum = "sha256:b6f0e90c0865fa9f4ca4e862d51c37b61392fab17949b9741a28a8b45df1b3cb"
url = "https://github.com/jdx/hk/releases/download/v1.18.1/hk-x86_64-pc-windows-msvc.zip"

[[tools.node]]
version = "24.14.1"
backend = "core:node"

[tools.node."platforms.linux-arm64"]
checksum = "sha256:734ff04fa7f8ed2e8a78d40cacf5ac3fc4515dac2858757cbab313eb483ba8a2"
url = "https://nodejs.org/dist/v24.14.1/node-v24.14.1-linux-arm64.tar.gz"

[tools.node."platforms.linux-arm64-musl"]
checksum = "sha256:e3ada28bcce0f440d8692372004a3338e96ff0b5cf8399bb38ae30a8adecdf08"
url = "https://unofficial-builds.nodejs.org/download/release/v24.14.1/node-v24.14.1-linux-arm64-musl.tar.gz"

[tools.node."platforms.linux-x64"]
checksum = "sha256:ace9fa104992ed0829642629c46ca7bd7fd6e76278cb96c958c4b387d29658ea"
url = "https://nodejs.org/dist/v24.14.1/node-v24.14.1-linux-x64.tar.gz"

[tools.node."platforms.linux-x64-baseline"]
checksum = "sha256:ace9fa104992ed0829642629c46ca7bd7fd6e76278cb96c958c4b387d29658ea"
url = "https://nodejs.org/dist/v24.14.1/node-v24.14.1-linux-x64.tar.gz"

[tools.node."platforms.linux-x64-musl"]
checksum = "sha256:4cdc6bf5891d1f51903c663b2f7f6a636c24dd5940a62a1785ea3d911284b008"
url = "https://unofficial-builds.nodejs.org/download/release/v24.14.1/node-v24.14.1-linux-x64-musl.tar.gz"

[tools.node."platforms.linux-x64-musl-baseline"]
checksum = "sha256:4cdc6bf5891d1f51903c663b2f7f6a636c24dd5940a62a1785ea3d911284b008"
url = "https://unofficial-builds.nodejs.org/download/release/v24.14.1/node-v24.14.1-linux-x64-musl.tar.gz"

[tools.node."platforms.macos-arm64"]
checksum = "sha256:25495ff85bd89e2d8a24d88566d7e2f827c6b0d3d872b2cebf75371f93fcb1fe"
url = "https://nodejs.org/dist/v24.14.1/node-v24.14.1-darwin-arm64.tar.gz"

[tools.node."platforms.macos-x64"]
checksum = "sha256:2526230ad7d922be82d4fdb1e7ee1e84303e133e3b4b0ec4c2897ab31de0253d"
url = "https://nodejs.org/dist/v24.14.1/node-v24.14.1-darwin-x64.tar.gz"

[tools.node."platforms.macos-x64-baseline"]
checksum = "sha256:2526230ad7d922be82d4fdb1e7ee1e84303e133e3b4b0ec4c2897ab31de0253d"
url = "https://nodejs.org/dist/v24.14.1/node-v24.14.1-darwin-x64.tar.gz"

[tools.node."platforms.windows-x64"]
checksum = "sha256:6e50ce5498c0cebc20fd39ab3ff5df836ed2f8a31aa093cecad8497cff126d70"
url = "https://nodejs.org/dist/v24.14.1/node-v24.14.1-win-x64.zip"

[tools.node."platforms.windows-x64-baseline"]
checksum = "sha256:6e50ce5498c0cebc20fd39ab3ff5df836ed2f8a31aa093cecad8497cff126d70"
url = "https://nodejs.org/dist/v24.14.1/node-v24.14.1-win-x64.zip"

[[tools.pkl]]
version = "0.29.1"
backend = "aqua:apple/pkl"

[tools.pkl."platforms.linux-arm64"]
checksum = "sha256:e70ab2124748c3c10ffc789ee2961a43d7e5d5cb070cdaba88cf33b7ab1fd9bc"
url = "https://github.com/apple/pkl/releases/download/0.29.1/pkl-linux-aarch64"

[tools.pkl."platforms.linux-arm64-musl"]
checksum = "sha256:e70ab2124748c3c10ffc789ee2961a43d7e5d5cb070cdaba88cf33b7ab1fd9bc"
url = "https://github.com/apple/pkl/releases/download/0.29.1/pkl-linux-aarch64"

[tools.pkl."platforms.linux-x64"]
checksum = "sha256:0925a87b00f19d40c4cf8a3eadb0b2af3138f2a8c15071966d51f5c737b42804"
url = "https://github.com/apple/pkl/releases/download/0.29.1/pkl-linux-amd64"

[tools.pkl."platforms.linux-x64-baseline"]
checksum = "sha256:0925a87b00f19d40c4cf8a3eadb0b2af3138f2a8c15071966d51f5c737b42804"
url = "https://github.com/apple/pkl/releases/download/0.29.1/pkl-linux-amd64"

[tools.pkl."platforms.linux-x64-musl"]
checksum = "sha256:0925a87b00f19d40c4cf8a3eadb0b2af3138f2a8c15071966d51f5c737b42804"
url = "https://github.com/apple/pkl/releases/download/0.29.1/pkl-linux-amd64"

[tools.pkl."platforms.linux-x64-musl-baseline"]
checksum = "sha256:0925a87b00f19d40c4cf8a3eadb0b2af3138f2a8c15071966d51f5c737b42804"
url = "https://github.com/apple/pkl/releases/download/0.29.1/pkl-linux-amd64"

[tools.pkl."platforms.macos-arm64"]
checksum = "sha256:75ca92e3eee7746e22b0f8a55bf1ee5c3ea0a78eec14586cd5618a9195707d5c"
url = "https://github.com/apple/pkl/releases/download/0.29.1/pkl-macos-aarch64"

[tools.pkl."platforms.macos-x64"]
checksum = "sha256:8561a2c9d0e01bf15d54905ad8bacdb1e40bb6e241f6e158d10dc9bc69547c09"
url = "https://github.com/apple/pkl/releases/download/0.29.1/pkl-macos-amd64"

[tools.pkl."platforms.macos-x64-baseline"]
checksum = "sha256:8561a2c9d0e01bf15d54905ad8bacdb1e40bb6e241f6e158d10dc9bc69547c09"
url = "https://github.com/apple/pkl/releases/download/0.29.1/pkl-macos-amd64"

[tools.pkl."platforms.windows-x64"]
checksum = "sha256:5388dddb8f9832233707cc48e77343ae65a7684bca19d94454d096cc66bb3e70"
url = "https://github.com/apple/pkl/releases/download/0.29.1/pkl-windows-amd64.exe"

[tools.pkl."platforms.windows-x64-baseline"]
checksum = "sha256:5388dddb8f9832233707cc48e77343ae65a7684bca19d94454d096cc66bb3e70"
url = "https://github.com/apple/pkl/releases/download/0.29.1/pkl-windows-amd64.exe"
